
Microsoft Visual Studio Solution File, Format Version 12.00
# Visual Studio 15
VisualStudioVersion = 15.0.27703.2042
MinimumVisualStudioVersion = 10.0.40219.1
Project("{FAE04EC0-301F-11D3-BF4B-00C04F79EFBC}") = "DBproject", "DBproject\DBproject.csproj", "{FB225C8E-CC90-42F4-BE9C-5FC4E31C206E}"
EndProject
Project("{FAE04EC0-301F-11D3-BF4B-00C04F79EFBC}") = "Domain", "Domain\Domain.csproj", "{905979CC-319A-4943-83F1-72EEF3559663}"
EndProject
Project("{FAE04EC0-301F-11D3-BF4B-00C04F79EFBC}") = "Session", "Session\Session.csproj", "{CA919DEC-A453-4153-B895-3E9CFAA63798}"
EndProject
Global
	GlobalSection(SolutionConfigurationPlatforms) = preSolution
		Debug|Any CPU = Debug|Any CPU
		Release|Any CPU = Release|Any CPU
	EndGlobalSection
	GlobalSection(ProjectConfigurationPlatforms) = postSolution
		{FB225C8E-CC90-42F4-BE9C-5FC4E31C206E}.Debug|Any CPU.ActiveCfg = Debug|Any CPU
		{FB225C8E-CC90-42F4-BE9C-5FC4E31C206E}.Debug|Any CPU.Build.0 = Debug|Any CPU
		{FB225C8E-CC90-42F4-BE9C-5FC4E31C206E}.Release|Any CPU.ActiveCfg = Release|Any CPU
		{FB225C8E-CC90-42F4-BE9C-5FC4E31C206E}.Release|Any CPU.Build.0 = Release|Any CPU
		{905979CC-319A-4943-83F1-72EEF3559663}.Debug|Any CPU.ActiveCfg = Debug|Any CPU
		{905979CC-319A-4943-83F1-72EEF3559663}.Debug|Any CPU.Build.0 = Debug|Any CPU
		{905979CC-319A-4943-83F1-72EEF3559663}.Release|Any CPU.ActiveCfg = Release|Any CPU
		{905979CC-319A-4943-83F1-72EEF3559663}.Release|Any CPU.Build.0 = Release|Any CPU
		{CA919DEC-A453-4153-B895-3E9CFAA63798}.Debug|Any CPU.ActiveCfg = Debug|Any CPU
		{CA919DEC-A453-4153-B895-3E9CFAA63798}.Debug|Any CPU.Build.0 = Debug|Any CPU
		{CA919DEC-A453-4153-B895-3E9CFAA63798}.Release|Any CPU.ActiveCfg = Release|Any CPU
		{CA919DEC-A453-4153-B895-3E9CFAA63798}.Release|Any CPU.Build.0 = Release|Any CPU
	EndGlobalSection
	GlobalSection(SolutionProperties) = preSolution
		HideSolutionNode = FALSE
	EndGlobalSection
	GlobalSection(ExtensibilityGlobals) = postSolution
		SolutionGuid = {48AAC0AC-1723-4B05-A325-9657B954C9CA}
	EndGlobalSection
EndGlobal
